
Microsoft Visual Studio Solution File, Format Version 12.00
# Visual Studio Version 17
VisualStudioVersion = 17.3.32929.385
MinimumVisualStudioVersion = 10.0.40219.1
Project("{FAE04EC0-301F-11D3-BF4B-00C04F79EFBC}") = "laba3", "laba3\laba3.csproj", "{9C16C9D9-D7CC-42CA-858E-6CF7270B28F6}"
EndProject
Global
	GlobalSection(SolutionConfigurationPlatforms) = preSolution
		Debug|Any CPU = Debug|Any CPU
		Release|Any CPU = Release|Any CPU
	EndGlobalSection
	GlobalSection(ProjectConfigurationPlatforms) = postSolution
		{9C16C9D9-D7CC-42CA-858E-6CF7270B28F6}.Debug|Any CPU.ActiveCfg = Debug|Any CPU
		{9C16C9D9-D7CC-42CA-858E-6CF7270B28F6}.Debug|Any CPU.Build.0 = Debug|Any CPU
		{9C16C9D9-D7CC-42CA-858E-6CF7270B28F6}.Release|Any CPU.ActiveCfg = Release|Any CPU
		{9C16C9D9-D7CC-42CA-858E-6CF7270B28F6}.Release|Any CPU.Build.0 = Release|Any CPU
	EndGlobalSection
	GlobalSection(SolutionProperties) = preSolution
		HideSolutionNode = FALSE
	EndGlobalSection
	GlobalSection(ExtensibilityGlobals) = postSolution
		SolutionGuid = {CBCA02E5-64A2-49BB-8569-711B4BB0F35D}
	EndGlobalSection
EndGlobal
